
Microsoft Visual Studio Solution File, Format Version 12.00
# Visual Studio 15
VisualStudioVersion = 15.0.27703.2018
MinimumVisualStudioVersion = 10.0.40219.1
Project("{FAE04EC0-301F-11D3-BF4B-00C04F79EFBC}") = "RomansRconClient2", "RomansRconClient2\RomansRconClient2.csproj", "{6FDA336C-BF87-4AD3-817A-646C4F3EE57B}"
EndProject
Project("{FAE04EC0-301F-11D3-BF4B-00C04F79EFBC}") = "Tests", "Tests\Tests.csproj", "{800AE13B-DA1F-4653-BA1B-680DB6D476A4}"
EndProject
Global
	GlobalSection(SolutionConfigurationPlatforms) = preSolution
		Debug|Any CPU = Debug|Any CPU
		Release|Any CPU = Release|Any CPU
	EndGlobalSection
	GlobalSection(ProjectConfigurationPlatforms) = postSolution
		{6FDA336C-BF87-4AD3-817A-646C4F3EE57B}.Debug|Any CPU.ActiveCfg = Debug|Any CPU
		{6FDA336C-BF87-4AD3-817A-646C4F3EE57B}.Debug|Any CPU.Build.0 = Debug|Any CPU
		{6FDA336C-BF87-4AD3-817A-646C4F3EE57B}.Release|Any CPU.ActiveCfg = Release|Any CPU
		{6FDA336C-BF87-4AD3-817A-646C4F3EE57B}.Release|Any CPU.Build.0 = Release|Any CPU
		{800AE13B-DA1F-4653-BA1B-680DB6D476A4}.Debug|Any CPU.ActiveCfg = Debug|Any CPU
		{800AE13B-DA1F-4653-BA1B-680DB6D476A4}.Debug|Any CPU.Build.0 = Debug|Any CPU
		{800AE13B-DA1F-4653-BA1B-680DB6D476A4}.Release|Any CPU.ActiveCfg = Release|Any CPU
		{800AE13B-DA1F-4653-BA1B-680DB6D476A4}.Release|Any CPU.Build.0 = Release|Any CPU
	EndGlobalSection
	GlobalSection(SolutionProperties) = preSolution
		HideSolutionNode = FALSE
	EndGlobalSection
	GlobalSection(ExtensibilityGlobals) = postSolution
		SolutionGuid = {06EBCE09-F6D5-454E-B482-97D41CB27A3A}
	EndGlobalSection
EndGlobal
